
Microsoft Visual Studio Solution File, Format Version 12.00
# Visual Studio Version 16
VisualStudioVersion = 16.0.30717.126
MinimumVisualStudioVersion = 10.0.40219.1
Project("{9A19103F-16F7-4668-BE54-9A1E7A4F7556}") = "CKS.SearchLambda", "CKS.SearchLambda\CKS.SearchLambda.csproj", "{1B9B865C-70DB-47CF-9410-AF054E110F9C}"
EndProject
Project("{9A19103F-16F7-4668-BE54-9A1E7A4F7556}") = "CKS.SearchLambda.Tests", "CKS.SearchLambda.Tests\CKS.SearchLambda.Tests.csproj", "{A455F67A-6C69-4AAD-8734-2D765EA7F661}"
EndProject
Global
	GlobalSection(SolutionConfigurationPlatforms) = preSolution
		Debug|Any CPU = Debug|Any CPU
		Release|Any CPU = Release|Any CPU
	EndGlobalSection
	GlobalSection(ProjectConfigurationPlatforms) = postSolution
		{1B9B865C-70DB-47CF-9410-AF054E110F9C}.Debug|Any CPU.ActiveCfg = Debug|Any CPU
		{1B9B865C-70DB-47CF-9410-AF054E110F9C}.Debug|Any CPU.Build.0 = Debug|Any CPU
		{1B9B865C-70DB-47CF-9410-AF054E110F9C}.Release|Any CPU.ActiveCfg = Release|Any CPU
		{1B9B865C-70DB-47CF-9410-AF054E110F9C}.Release|Any CPU.Build.0 = Release|Any CPU
		{A455F67A-6C69-4AAD-8734-2D765EA7F661}.Debug|Any CPU.ActiveCfg = Debug|Any CPU
		{A455F67A-6C69-4AAD-8734-2D765EA7F661}.Debug|Any CPU.Build.0 = Debug|Any CPU
		{A455F67A-6C69-4AAD-8734-2D765EA7F661}.Release|Any CPU.ActiveCfg = Release|Any CPU
		{A455F67A-6C69-4AAD-8734-2D765EA7F661}.Release|Any CPU.Build.0 = Release|Any CPU
	EndGlobalSection
	GlobalSection(SolutionProperties) = preSolution
		HideSolutionNode = FALSE
	EndGlobalSection
	GlobalSection(ExtensibilityGlobals) = postSolution
		SolutionGuid = {2BB19740-98AD-468C-82DC-57B8AE54AA95}
	EndGlobalSection
EndGlobal
